{
  "lockfileVersion": 1,
  "configVersion": 1,
  "workspaces": {
    "": {
      "name": "odysseus",
      "dependencies": {
        "@types/js-yaml": "^4.0.9",
        "js-yaml": "^4.3.2",
        "seyfert": "^4.6.0",
      },
      "devDependencies": {
        "@types/bun": "latest",
        "oxfmt": "^0.57.0",
        "oxlint": "^1.83.0",
        "oxlint-tsgolint": "^0.24.0",
      },
      "peerDependencies": {
        "typescript": "^6.0.3",
      },
    },
  },
  "packages": {
    "@oxfmt/binding-android-arm-eabi": ["@oxfmt/binding-android-arm-eabi@0.57.0", "", { "os": "android", "cpu": "arm" }, "sha512-qVBsEO+KugOsCmUHcO8iqNnqc65p7PCKpCs8M66mPZ+Ri+CWbcpoQOEJBg2OTu03+0qu++NK1jj6IzvQVs0Sig=="],

    "@oxfmt/binding-android-arm64": ["@oxfmt/binding-android-arm64@0.57.0", "", { "os": "android", "cpu": "arm64" }, "sha512-mp6PibWbao3aizijcheOeHQaYEhcUAt8pwLniYbtLfHxL/psFF0BykAwCj+s3c6qIpa8yN8keZICWrqtZ70w8g=="],

    "@oxfmt/binding-darwin-arm64": ["@oxfmt/binding-darwin-arm64@0.57.0", "", { "os": "darwin", "cpu": "arm64" }, "sha512-T+0stuCBqmUVY+aMIvrgXhzGhHO3sD5tNiiEcYqgSdPsnukskQqn2u5qOVD0sv1l7RLdFS5Z/f5Wi9Ktyjr3Eg=="],

    "@oxfmt/binding-darwin-x64": ["@oxfmt/binding-darwin-x64@0.57.0", "", { "os": "darwin", "cpu": "x64" }, "sha512-O+3JbqWs/mCI2oi4xfhRO2IVPFJNDDEBV8Odo+ZpmsUOeKJfjXoNH7nDmBEQcDgK7NfjDIyE7kRgYSZcTLDO0A=="],

    "@oxfmt/binding-freebsd-x64": ["@oxfmt/binding-freebsd-x64@0.57.0", "", { "os": "freebsd", "cpu": "x64" }, "sha512-pxwhxVC+JkLX9twOQ/8C/vbuOQcMZyKIDmiRDZfO7yITuVcIdZCiLRqqf4QOxb2+8FWrRXzQpm+1DBKcMpHSSQ=="],

    "@oxfmt/binding-linux-arm-gnueabihf": ["@oxfmt/binding-linux-arm-gnueabihf@0.57.0", "", { "os": "linux", "cpu": "arm" }, "sha512-pxBU4zH2imB/MDBfth2rOMeVxXUMjRQLCazagwLARIFH3hVlxZJBlM4nSnHXaIHJK4/qezoFCIORN6AY8Mra4A=="],

    "@oxfmt/binding-linux-arm-musleabihf": ["@oxfmt/binding-linux-arm-musleabihf@0.57.0", "", { "os": "linux", "cpu": "arm" }, "sha512-JAprOzt8tycYou36ZgEw14DlRHTiN8qdtKANdV3VZIRIvTI/lh/cX13c9pJ/EnDk2GT3FASH7KvCgQ2AufAifQ=="],

    "@oxfmt/binding-linux-arm64-gnu": ["@oxfmt/binding-linux-arm64-gnu@0.57.0", "", { "os": "linux", "cpu": "arm64" }, "sha512-ajtjaxSaj9xl4BW7REt+Cef/ttzbAq00Bq4z7JUDZEfgFXdwSjH8K9bF+IcIJzZB9lKqMfQ4eHuSFOvvlvtqOg=="],

    "@oxfmt/binding-linux-arm64-musl": ["@oxfmt/binding-linux-arm64-musl@0.57.0", "", { "os": "linux", "cpu": "arm64" }, "sha512-p4Y/+RYk9Bk5WO+zHSUXAClRmZ2fbJCejMuCAsU2HhyME4jqf6Ftt/mJYEwIah1wGCBDYOB7wEGV1x5bCEZ6hA=="],

    "@oxfmt/binding-linux-ppc64-gnu": ["@oxfmt/binding-linux-ppc64-gnu@0.57.0", "", { "os": "linux", "cpu": "ppc64" }, "sha512-By6tRALAZsno0F4zedmtG+wdMvJiJmJoXM4d3+A9zHE4HRXLqXITwRH8mgrlcXc5yJM2g2W3riRPwTYdgemZLQ=="],

    "@oxfmt/binding-linux-riscv64-gnu": ["@oxfmt/binding-linux-riscv64-gnu@0.57.0", "", { "os": "linux", "cpu": "none" }, "sha512-skYeG+RgvyzspqVEBsEprL90OYYZfoVNqB3HcCNR6QDJyXKOzfDRT3zncnHmUaFluIlBHuY23mU1b5WGgR98hA=="],

    "@oxfmt/binding-linux-riscv64-musl": ["@oxfmt/binding-linux-riscv64-musl@0.57.0", "", { "os": "linux", "cpu": "none" }, "sha512-FFgACrZOXAXUh5KQh2mt1CDOVOZmn+QzHP71wM9QobNwyQvoFfyAeefVUltW83g3sm7LTiH3yfFqLLVUpA5ZFQ=="],

    "@oxfmt/binding-linux-s390x-gnu": ["@oxfmt/binding-linux-s390x-gnu@0.57.0", "", { "os": "linux", "cpu": "s390x" }, "sha512-Nm/BAOfQeFiiKd502mZn/GAVKJwtd0RdCg17G3Wz/WSOIQmDi3+7/SZH4BHn1Ye5KvTVH3ua8WvfwLLycNIuvA=="],

    "@oxfmt/binding-linux-x64-gnu": ["@oxfmt/binding-linux-x64-gnu@0.57.0", "", { "os": "linux", "cpu": "x64" }, "sha512-BiSy5Ku3mQqyxS6YIqAJgd403wEUWvI7kerfzPxc2l/txZVmZM0pSj7oDM+4bGBExowxOi7o73jEam1W0EDTZg=="],

    "@oxfmt/binding-linux-x64-musl": ["@oxfmt/binding-linux-x64-musl@0.57.0", "", { "os": "linux", "cpu": "x64" }, "sha512-BCRkJiotz5s9afLYD2LuMvzAoDYx9H17E/YbDyu4xK7l4zHDPeny9ErSXL//i/nJyaOwRk08x4b8cgJC00+JDg=="],

    "@oxfmt/binding-openharmony-arm64": ["@oxfmt/binding-openharmony-arm64@0.57.0", "", { "os": "none", "cpu": "arm64" }, "sha512-4Oaxe1qrGgXfpCJ1C/ERJ2iCtV2rN1R79ga9fsfyVHfSQRu/hVW780u2KDqZWFZ/iGTHODJji0JemxqFZ63eIQ=="],

    "@oxfmt/binding-win32-arm64-msvc": ["@oxfmt/binding-win32-arm64-msvc@0.57.0", "", { "os": "win32", "cpu": "arm64" }, "sha512-MYLAsDnhdNsSGheLYhWgbk0vfIrlS84iQYun/y21fX6u0jj8iBtYtbpZMdiqYeuf8U12eVPUjVY2xE2NrCfJ0g=="],

    "@oxfmt/binding-win32-ia32-msvc": ["@oxfmt/binding-win32-ia32-msvc@0.57.0", "", { "os": "win32", "cpu": "ia32" }, "sha512-PBwdzZALJY/jcCx2E6is0yu+cuVXeySTDmwuseD+9j0mHqlRNxwlKgsyRTBed/woPeqfVfuXfWjoq4Cx2Zt3Eg=="],

    "@oxfmt/binding-win32-x64-msvc": ["@oxfmt/binding-win32-x64-msvc@0.57.0", "", { "os": "win32", "cpu": "x64" }, "sha512-bQJdH9i4RRfw55jm7+8/xS7GzHLLTbHx4huhrrDxQJaJtbSDbsyOnODvP1ftT7EG0KFKAYO2S+q6AcioXODx8w=="],

    "@oxlint-tsgolint/darwin-arm64": ["@oxlint-tsgolint/darwin-arm64@0.24.0", "", { "os": "darwin", "cpu": "arm64" }, "sha512-C2uMmwK5Bc4ri4ysZ6sA8Rcu+A5zBQTp6ml2u0CLLbRZp4kMFPV3yWk8B5DK9Aw7y9bbjogIm75tUwGLFzlsYQ=="],

    "@oxlint-tsgolint/darwin-x64": ["@oxlint-tsgolint/darwin-x64@0.24.0", "", { "os": "darwin", "cpu": "x64" }, "sha512-Wgvt/1lRbDxmoNqWQKKcL+UIiqLmdJ+EWLpQa1qzoNVAfNB0PJpa82/8dH1twT/3rSs4zrP5TXPWl4juB71WuQ=="],

    "@oxlint-tsgolint/linux-arm64": ["@oxlint-tsgolint/linux-arm64@0.24.0", "", { "os": "linux", "cpu": "arm64" }, "sha512-PB1rxII7KV83+ASY4sSkXtqvpij6ME66+QCRL49uksi/ofs2Rf/UVboYr095n0Rkbl2wgvlsHGl6DHC361jQUQ=="],

    "@oxlint-tsgolint/linux-x64": ["@oxlint-tsgolint/linux-x64@0.24.0", "", { "os": "linux", "cpu": "x64" }, "sha512-xcz3CxKmjTQLREtE/UShh+ruWmm9nAb7UM9zKcD65BStiuYgOakAKkPHl4YS5DztpVcDrE0+HqbOolTlRKYWmw=="],

    "@oxlint-tsgolint/win32-arm64": ["@oxlint-tsgolint/win32-arm64@0.24.0", "", { "os": "win32", "cpu": "arm64" }, "sha512-A2i6ZGBec3i20S7RaxkgHc6r3HYtD5Mn7j/mb22NkTz14u0JuudvTu6JggAnbGMcv8+dBKQI//EasxSPJLD8pw=="],

    "@oxlint-tsgolint/win32-x64": ["@oxlint-tsgolint/win32-x64@0.24.0", "", { "os": "win32", "cpu": "x64" }, "sha512-0ZbGd9qRB6zs82moekaKdEvncRANq49EAwfNX62JpTS46feXUhKAuoyVDvZMj6Rywejylrmmu79Wo6faYCo4Ew=="],

    "@oxlint/binding-android-arm-eabi": ["@oxlint/binding-android-arm-eabi@1.83.0", "", { "os": "android", "cpu": "arm" }, "sha512-0yGY24EwsLk5YDe6F+VkmZyRHSwJDALa3nIrPpq7FXmp2lV2d0TzvBCGeZk+wgiULRGr5blhyr4QMp5KCXJUqA=="],

    "@oxlint/binding-android-arm64": ["@oxlint/binding-android-arm64@1.83.0", "", { "os": "android", "cpu": "arm64" }, "sha512-hHfJ0vc17A4iUjH5p9BsTUPYbYRNxGpvD2lbu1aBRk54bzNIx9o5TtYF39QPZcV95DagZd+4DEAw2RH3G2ZsMg=="],

    "@oxlint/binding-darwin-arm64": ["@oxlint/binding-darwin-arm64@1.83.0", "", { "os": "darwin", "cpu": "arm64" }, "sha512-hsOjYjszLb/3zym/TkzUMPAoQlTJcuzSyEPOAyA+skXJIX9M0o+4JfOtqopX/Vf4hSLrJ98j0nvFo23gzk8auQ=="],

    "@oxlint/binding-darwin-x64": ["@oxlint/binding-darwin-x64@1.83.0", "", { "os": "darwin", "cpu": "x64" }, "sha512-mjh5oH2EA+wl5yRJYT9K9G61O2zFlpuv+yf2JwZOi0+dq2FnTUtm1h8i+5Ik0fXPWIu/k84I1psZR9aQsLAnyA=="],

    "@oxlint/binding-freebsd-x64": ["@oxlint/binding-freebsd-x64@1.83.0", "", { "os": "freebsd", "cpu": "x64" }, "sha512-fNHr64/YaO8YssuoDVC8+F4Uk5enR86q5uxfHkQrjAPs1dbAILOrD2uaud+J7MO8Fx774g44ERLD0IGIvZE48w=="],

    "@oxlint/binding-linux-arm-gnueabihf": ["@oxlint/binding-linux-arm-gnueabihf@1.83.0", "", { "os": "linux", "cpu": "arm" }, "sha512-Qpwy3zzAwMj+8/lyYItHmkSMwbkprFNWTK7jPYDOxSyxEhaSLOWYUTCMkjF334J8/WD0nznCCsoBbIH6hpsuIw=="],

    "@oxlint/binding-linux-arm-musleabihf": ["@oxlint/binding-linux-arm-musleabihf@1.83.0", "", { "os": "linux", "cpu": "arm" }, "sha512-s+BirYLFq7JL2k9sP0XI3ZXJ9dYvJ8sX3jLCLoag7tt+zrSHpZxP0jqznfL+Gdgwu7ay0dYgGYJXrQvq3iWloA=="],

    "@oxlint/binding-linux-arm64-gnu": ["@oxlint/binding-linux-arm64-gnu@1.83.0", "", { "os": "linux", "cpu": "arm64" }, "sha512-7lihXt3vKr+GIyapNbHrnFHm/biiW30le6Zv/DExbAFPF6YwCQXVFlONPFehxs0CpGO4CBfYPM9rdDT+XMoIlg=="],

    "@oxlint/binding-linux-arm64-musl": ["@oxlint/binding-linux-arm64-musl@1.83.0", "", { "os": "linux", "cpu": "arm64" }, "sha512-q63JalLYVkZiZvls1z3PPUnpmQluOMXp0khqQMznCeAPLGydfNY8JhvuA4WlK57JfrvikU8wB5lPVveqpIXvew=="],

    "@oxlint/binding-linux-ppc64-gnu": ["@oxlint/binding-linux-ppc64-gnu@1.83.0", "", { "os": "linux", "cpu": "ppc64" }, "sha512-krQmDF+dRbxvdqVPV88ZuOoPPu8X5BuqDA8Hd+qcS4YMRQCb+nexA57DazgGsc/rGdKBe3QmV0mnv0bdpW/p5g=="],

    "@oxlint/binding-linux-riscv64-gnu": ["@oxlint/binding-linux-riscv64-gnu@1.83.0", "", { "os": "linux", "cpu": "none" }, "sha512-MmOl8Y6txEAXZU1RG8Rr264jQ6D7VPmqFsU/45x/FeWsGe32hklTqGrLE6UxHzp5Rjt0wP+20tY8YXKgSFB3mw=="],

    "@oxlint/binding-linux-riscv64-musl": ["@oxlint/binding-linux-riscv64-musl@1.83.0", "", { "os": "linux", "cpu": "none" }, "sha512-u1rMymh0W3JZkq370kzQsYPULGWqhE09pZRqnZvUSoYaI9pVO5yVX+iYIslmWuEgwuzH9YAaOsScJiobWCHoOw=="],

    "@oxlint/binding-linux-s390x-gnu": ["@oxlint/binding-linux-s390x-gnu@1.83.0", "", { "os": "linux", "cpu": "s390x" }, "sha512-y0zK3HNwGysu7rqtE+BQG/d0bx5gh/KwlOtghN8oWeK1KcWzeaLqtZrbm8owqdma1lFyrce/hTO5ismuNu+INQ=="],

    "@oxlint/binding-linux-x64-gnu": ["@oxlint/binding-linux-x64-gnu@1.83.0", "", { "os": "linux", "cpu": "x64" }, "sha512-rS5gM0NgD7ngmuJmbIehsidtrOwKkLFwCQbKEeb9KuyQrrWNq5Zkn0uV6AYdXOMJ0grrWEiLwBuvMxt8w5vsNw=="],

    "@oxlint/binding-linux-x64-musl": ["@oxlint/binding-linux-x64-musl@1.83.0", "", { "os": "linux", "cpu": "x64" }, "sha512-W2IH4EtpcPaWcvNGCA95YoDg4vxqE/ZiPCi3arrxEEpsK7+JQN9WYwrlYFx9pcdP6KPXqRqkv3zdQPHcx7b6YQ=="],

    "@oxlint/binding-openharmony-arm64": ["@oxlint/binding-openharmony-arm64@1.83.0", "", { "os": "none", "cpu": "arm64" }, "sha512-6LyKkUyoajssTPLlZmDbZIbu4IZ5B4bGuRUnBgCGpEvHP3FQMaYITncHA/unPUo7q+Z+pIu2HhdkQ+8d1SG7iA=="],

    "@oxlint/binding-win32-arm64-msvc": ["@oxlint/binding-win32-arm64-msvc@1.83.0", "", { "os": "win32", "cpu": "arm64" }, "sha512-Uz/fObEtF0jmNJQJ8CGRBKfefYstS0/wjD3s6IGzP8nUwsJykHQJBiN3npHwKiGRGn/vvBEgNr4B3cCzmmatvg=="],

    "@oxlint/binding-win32-ia32-msvc": ["@oxlint/binding-win32-ia32-msvc@1.83.0", "", { "os": "win32", "cpu": "ia32" }, "sha512-u7XcvPW6Bk58tY5iWs2ESb0vJjoE/kuSpHxopbwp/p3ZtWVQXZ6wor5w3ssVTHOqd/v8b+QdhSFWQ4grEUNWpA=="],

    "@oxlint/binding-win32-x64-msvc": ["@oxlint/binding-win32-x64-msvc@1.83.0", "", { "os": "win32", "cpu": "x64" }, "sha512-LZRubd7ph13QmAg4fFecTYVZkiYbROR2Htaxh/ufWRkDhPOm2wrwaEYR89e0YpPFD3dqBrPoxS7myBw5hmYA7Q=="],

    "@types/bun": ["@types/bun@1.4.2", "", { "dependencies": { "bun-types": "1.4.2" } }, "sha512-GimotNn7+ZV0uVArItBbriZsR1oNf0+WTzPkdcFrzShI7k2norL0uzEaJT8T33dWr7O/c9ZDuAFQrctKCi72oQ=="],

    "@types/js-yaml": ["@types/js-yaml@4.0.9", "", {}, "sha512-k4MGaQl5TGo/iipqb2UDG2UwjXziSWkh0uysQelTlJpX1qGlpUZYm8PnO4DxG1qBomtJUdYJ6qR6xdIah10JLg=="],

    "@types/node": ["@types/node@26.6.2", "", { "dependencies": { "undici-types": "~8.9.0" } }, "sha512-X1P21scMv4zGKLYqjdGjaKa7COa0RKVYYZZN/NfvLQ1JegxFhdhpZG/Lyn8AXx6CDUavKAd11v6BvfpkDByK8g=="],

    "argparse": ["argparse@2.0.1", "", {}, "sha512-8+9WqebbFzpX9OR+Wa6O29asIogeRMzcGtAINdpMHHyAg10f05aSFVBbcEqGf/PXw1EjAZ+q2/bEBg3DvurK3Q=="],

    "bun-types": ["bun-types@1.4.2", "", { "dependencies": { "@types/node": "*" } }, "sha512-bxV1FgK7yBIzjRe5zBozIM4Bem11ZJcCXSrjWRG3YWLt8yFDePu4cLjpebO8OvPeIE9trbyPF4fuj3Cia4Fj3w=="],

    "js-yaml": ["js-yaml@4.3.2", "", { "dependencies": { "argparse": "^2.0.1" }, "bin": { "js-yaml": "bin/js-yaml.js" } }, "sha512-SFNOvSJ+Dgf/9An904Yx+CgSlIPCkIpao4qo51lpee25TIRejdH3rhR4EZMGoNx3/TP3O+wzWuiTFl4sqbltzA=="],

    "oxfmt": ["oxfmt@0.57.0", "", { "dependencies": { "tinypool": "2.1.0" }, "optionalDependencies": { "@oxfmt/binding-android-arm-eabi": "0.57.0", "@oxfmt/binding-android-arm64": "0.57.0", "@oxfmt/binding-darwin-arm64": "0.57.0", "@oxfmt/binding-darwin-x64": "0.57.0", "@oxfmt/binding-freebsd-x64": "0.57.0", "@oxfmt/binding-linux-arm-gnueabihf": "0.57.0", "@oxfmt/binding-linux-arm-musleabihf": "0.57.0", "@oxfmt/binding-linux-arm64-gnu": "0.57.0", "@oxfmt/binding-linux-arm64-musl": "0.57.0", "@oxfmt/binding-linux-ppc64-gnu": "0.57.0", "@oxfmt/binding-linux-riscv64-gnu": "0.57.0", "@oxfmt/binding-linux-riscv64-musl": "0.57.0", "@oxfmt/binding-linux-s390x-gnu": "0.57.0", "@oxfmt/binding-linux-x64-gnu": "0.57.0", "@oxfmt/binding-linux-x64-musl": "0.57.0", "@oxfmt/binding-openharmony-arm64": "0.57.0", "@oxfmt/binding-win32-arm64-msvc": "0.57.0", "@oxfmt/binding-win32-ia32-msvc": "0.57.0", "@oxfmt/binding-win32-x64-msvc": "0.57.0" }, "peerDependencies": { "svelte": "^5.0.0", "vite-plus": "*" }, "optionalPeers": ["svelte", "vite-plus"], "bin": { "oxfmt": "bin/oxfmt" } }, "sha512-ZB7Bi+rGDSqmVIo9jwcLyFgjxXvQhDdU+jx+ZrVy6VRiVXK2+CHc4hO3J4dUQjHe7V0ymHB+MDuv5z+NhK07HA=="],

    "oxlint": ["oxlint@1.83.0", "", { "optionalDependencies": { "@oxlint/binding-android-arm-eabi": "1.83.0", "@oxlint/binding-android-arm64": "1.83.0", "@oxlint/binding-darwin-arm64": "1.83.0", "@oxlint/binding-darwin-x64": "1.83.0", "@oxlint/binding-freebsd-x64": "1.83.0", "@oxlint/binding-linux-arm-gnueabihf": "1.83.0", "@oxlint/binding-linux-arm-musleabihf": "1.83.0", "@oxlint/binding-linux-arm64-gnu": "1.83.0", "@oxlint/binding-linux-arm64-musl": "1.83.0", "@oxlint/binding-linux-ppc64-gnu": "1.83.0", "@oxlint/binding-linux-riscv64-gnu": "1.83.0", "@oxlint/binding-linux-riscv64-musl": "1.83.0", "@oxlint/binding-linux-s390x-gnu": "1.83.0", "@oxlint/binding-linux-x64-gnu": "1.83.0", "@oxlint/binding-linux-x64-musl": "1.83.0", "@oxlint/binding-openharmony-arm64": "1.83.0", "@oxlint/binding-win32-arm64-msvc": "1.83.0", "@oxlint/binding-win32-ia32-msvc": "1.83.0", "@oxlint/binding-win32-x64-msvc": "1.83.0" }, "peerDependencies": { "oxlint-tsgolint": ">=7.0.2001", "vite-plus": "*" }, "optionalPeers": ["oxlint-tsgolint", "vite-plus"], "bin": { "oxlint": "bin/oxlint" } }, "sha512-cyDzSzaw3uzP0TeCeq3lLRPPoaUxkbB4ZOXj+kn+5r+BX9V+4bNVGk9lxer+WrgcpebH4JxLlJ3KQjveVztOLQ=="],

    "oxlint-tsgolint": ["oxlint-tsgolint@0.24.0", "", { "optionalDependencies": { "@oxlint-tsgolint/darwin-arm64": "0.24.0", "@oxlint-tsgolint/darwin-x64": "0.24.0", "@oxlint-tsgolint/linux-arm64": "0.24.0", "@oxlint-tsgolint/linux-x64": "0.24.0", "@oxlint-tsgolint/win32-arm64": "0.24.0", "@oxlint-tsgolint/win32-x64": "0.24.0" }, "bin": { "tsgolint": "bin/tsgolint.js" } }, "sha512-giCk5sEvG02d5tzPmFMX3hem8ndzEEu1xvGYS5OwNfO2WGl6ZVxt5LjE0yiMDoz94INI7XkXwgFAQiydPvVHDw=="],

    "seyfert": ["seyfert@4.6.0", "", {}, "sha512-dw5tTdz4E5YUbzbUelIdBEI+x4ULcDVsCdsDXW9wl+bFn/XCYT7uQMw+29/Hfd5+K0IDM7gALhxOQRumcaGmRg=="],

    "tinypool": ["tinypool@2.1.0", "", {}, "sha512-Pugqs6M0m7Lv1I7FtxN4aoyToKg1C4tu+/381vH35y8oENM/Ai7f7C4StcoK4/+BSw9ebcS8jRiVrORFKCALLw=="],

    "typescript": ["typescript@6.0.3", "", { "bin": { "tsc": "bin/tsc", "tsserver": "bin/tsserver" } }, "sha512-y2TvuxSZPDyQakkFRPZHKFm+KKVqIisdg9/CZwm9ftvKXLP8NRWj38/ODjNbr43SsoXqNuAisEf1GdCxqWcdBw=="],

    "undici-types": ["undici-types@8.9.0", "", {}, "sha512-KTDyRTYX8sWmKXAikPHHSyc63CRPETMctyjKFupcC6OBLXT3xsN0e9aF7m+mIXutFWpUXuedtowG7iLOzp0kQg=="],
  }
}
